
Microsoft Visual Studio Solution File, Format Version 12.00
# Visual Studio 15
VisualStudioVersion = 15.0.28307.1062
MinimumVisualStudioVersion = 10.0.40219.1
Project("{FAE04EC0-301F-11D3-BF4B-00C04F79EFBC}") = "CaliburnExperimental", "CaliburnExperimental\CaliburnExperimental.csproj", "{7A203D99-3BAE-407A-822F-34824154AA06}"
EndProject
Global
	GlobalSection(SolutionConfigurationPlatforms) = preSolution
		Debug|Any CPU = Debug|Any CPU
		Release|Any CPU = Release|Any CPU
	EndGlobalSection
	GlobalSection(ProjectConfigurationPlatforms) = postSolution
		{7A203D99-3BAE-407A-822F-34824154AA06}.Debug|Any CPU.ActiveCfg = Debug|Any CPU
		{7A203D99-3BAE-407A-822F-34824154AA06}.Debug|Any CPU.Build.0 = Debug|Any CPU
		{7A203D99-3BAE-407A-822F-34824154AA06}.Release|Any CPU.ActiveCfg = Release|Any CPU
		{7A203D99-3BAE-407A-822F-34824154AA06}.Release|Any CPU.Build.0 = Release|Any CPU
	EndGlobalSection
	GlobalSection(SolutionProperties) = preSolution
		HideSolutionNode = FALSE
	EndGlobalSection
	GlobalSection(ExtensibilityGlobals) = postSolution
		SolutionGuid = {F520D980-13D6-432F-8E18-40ED7F116BC8}
	EndGlobalSection
EndGlobal
